
Microsoft Visual Studio Solution File, Format Version 12.00
# Visual Studio Version 17
VisualStudioVersion = 17.12.35707.178
MinimumVisualStudioVersion = 10.0.40219.1
Project("{FAE04EC0-301F-11D3-BF4B-00C04F79EFBC}") = "WeatherDashboard", "WeatherDashboard.csproj", "{904C9312-3ABC-422E-979A-47776494B073}"
EndProject
Project("{FAE04EC0-301F-11D3-BF4B-00C04F79EFBC}") = "AuthService", "AuthService\AuthService.csproj", "{734C7431-3683-4A90-92E5-6A6E26FCF410}"
EndProject
Project("{2150E333-8FDC-42A3-9474-1A3956D46DE8}") = "Solution Items", "Solution Items", "{33778F07-D2B4-4850-B7BF-FBC2E7D91D40}"
	ProjectSection(SolutionItems) = preProject
		docker-compose.yml = docker-compose.yml
	EndProjectSection
EndProject
Global
	GlobalSection(SolutionConfigurationPlatforms) = preSolution
		Debug|Any CPU = Debug|Any CPU
		Release|Any CPU = Release|Any CPU
	EndGlobalSection
	GlobalSection(ProjectConfigurationPlatforms) = postSolution
		{904C9312-3ABC-422E-979A-47776494B073}.Debug|Any CPU.ActiveCfg = Debug|Any CPU
		{904C9312-3ABC-422E-979A-47776494B073}.Debug|Any CPU.Build.0 = Debug|Any CPU
		{904C9312-3ABC-422E-979A-47776494B073}.Release|Any CPU.ActiveCfg = Release|Any CPU
		{904C9312-3ABC-422E-979A-47776494B073}.Release|Any CPU.Build.0 = Release|Any CPU
		{734C7431-3683-4A90-92E5-6A6E26FCF410}.Debug|Any CPU.ActiveCfg = Debug|Any CPU
		{734C7431-3683-4A90-92E5-6A6E26FCF410}.Debug|Any CPU.Build.0 = Debug|Any CPU
		{734C7431-3683-4A90-92E5-6A6E26FCF410}.Release|Any CPU.ActiveCfg = Release|Any CPU
		{734C7431-3683-4A90-92E5-6A6E26FCF410}.Release|Any CPU.Build.0 = Release|Any CPU
	EndGlobalSection
	GlobalSection(SolutionProperties) = preSolution
		HideSolutionNode = FALSE
	EndGlobalSection
EndGlobal
